
Microsoft Visual Studio Solution File, Format Version 12.00
# Visual Studio Version 17
VisualStudioVersion = 17.4.33122.133
MinimumVisualStudioVersion = 10.0.40219.1
Project("{FAE04EC0-301F-11D3-BF4B-00C04F79EFBC}") = "C sharp project", "C sharp project\C sharp project.csproj", "{332A2D42-E6F5-47E4-865D-1D3CB3A15E42}"
EndProject
Global
	GlobalSection(SolutionConfigurationPlatforms) = preSolution
		Debug|Any CPU = Debug|Any CPU
		Release|Any CPU = Release|Any CPU
	EndGlobalSection
	GlobalSection(ProjectConfigurationPlatforms) = postSolution
		{332A2D42-E6F5-47E4-865D-1D3CB3A15E42}.Debug|Any CPU.ActiveCfg = Debug|Any CPU
		{332A2D42-E6F5-47E4-865D-1D3CB3A15E42}.Debug|Any CPU.Build.0 = Debug|Any CPU
		{332A2D42-E6F5-47E4-865D-1D3CB3A15E42}.Release|Any CPU.ActiveCfg = Release|Any CPU
		{332A2D42-E6F5-47E4-865D-1D3CB3A15E42}.Release|Any CPU.Build.0 = Release|Any CPU
	EndGlobalSection
	GlobalSection(SolutionProperties) = preSolution
		HideSolutionNode = FALSE
	EndGlobalSection
	GlobalSection(ExtensibilityGlobals) = postSolution
		SolutionGuid = {3C25C8CF-F785-48F0-8A39-F918D40A497D}
	EndGlobalSection
EndGlobal
